
Microsoft Visual Studio Solution File, Format Version 12.00
# Visual Studio 2013
VisualStudioVersion = 12.0.21005.1
MinimumVisualStudioVersion = 10.0.40219.1
Project("{FAE04EC0-301F-11D3-BF4B-00C04F79EFBC}") = "Chapter01.1-Begin WebRTC", "Chapter01.1-Begin WebRTC\Chapter01.1-Begin WebRTC.csproj", "{A58947D7-FBE9-4B9F-909D-5D10DF3D291F}"
EndProject
Project("{FAE04EC0-301F-11D3-BF4B-00C04F79EFBC}") = "Chapter02.1-Truyen_Tai_Video_RTCPeerConnection", "Chapter02.1-Truyen_Tai_Video_RTCPeerConnection\Chapter02.1-Truyen_Tai_Video_RTCPeerConnection.csproj", "{88DABD2D-F0BF-430A-B8A1-B4118C31BB3D}"
EndProject
Project("{FAE04EC0-301F-11D3-BF4B-00C04F79EFBC}") = "Chapter03.1-Truyen_Du_Lieu_Bang_RTCDataChannel", "Chapter03.1-Truyen_Du_Lieu_Bang_RTCDataChannel\Chapter03.1-Truyen_Du_Lieu_Bang_RTCDataChannel.csproj", "{5098135B-FE98-4C05-9380-FBA9EE2A5D69}"
EndProject
Project("{FAE04EC0-301F-11D3-BF4B-00C04F79EFBC}") = "Chapter03.2-Gui_File", "Chapter03.2-Gui_File\Chapter03.2-Gui_File.csproj", "{AC2D7F2B-63F7-4640-9D19-690540AD60F2}"
EndProject
Project("{FAE04EC0-301F-11D3-BF4B-00C04F79EFBC}") = "Chapter03.3-Gui_Anh", "Chapter03.3-Gui_Anh\Chapter03.3-Gui_Anh.csproj", "{C3527C4C-F87E-4332-818E-7AB412BD32E0}"
EndProject
Project("{FAE04EC0-301F-11D3-BF4B-00C04F79EFBC}") = "Chapter04.1-SendingMessage", "Chapter04.1-SendingMessage\Chapter04.1-SendingMessage.csproj", "{337B6A16-BAD1-461E-94FD-BD66A9C9537D}"
EndProject
Project("{FAE04EC0-301F-11D3-BF4B-00C04F79EFBC}") = "Chapter05.1-Call Video Server", "Chapter05.1-Call Video Server\Chapter05.1-Call Video Server.csproj", "{D8AF7BBA-3F13-480D-91E3-005C912825DA}"
EndProject
Project("{FAE04EC0-301F-11D3-BF4B-00C04F79EFBC}") = "Chapter05.2-Login Call User", "Chapter05.2-Login Call User\Chapter05.2-Login Call User.csproj", "{DEFEDB1A-F87B-4760-B7C6-C467352CD513}"
EndProject
Project("{FAE04EC0-301F-11D3-BF4B-00C04F79EFBC}") = "Chapter05.3-Call Video API", "Chapter05.3-Call Video API\Chapter05.3-Call Video API.csproj", "{37576C47-3700-4684-BF3A-97F8E22988C4}"
EndProject
Project("{FAE04EC0-301F-11D3-BF4B-00C04F79EFBC}") = "Chapter05.4-Call Video Login", "Chapter05.4-Call Video Login\Chapter05.4-Call Video Login.csproj", "{F2BED2CF-FB4F-4117-B194-C92563B12D3E}"
EndProject
Project("{FAE04EC0-301F-11D3-BF4B-00C04F79EFBC}") = "Chapter06.1-Call per to per", "Chapter06.1-Call per to per\Chapter06.1-Call per to per.csproj", "{538D8CE7-3356-435B-BEEC-06BC8345E705}"
EndProject
Project("{FAE04EC0-301F-11D3-BF4B-00C04F79EFBC}") = "Chapter06.2-Create Rom Call Video AppRTC", "Chapter06.2-Create Rom Call Video AppRTC\Chapter06.2-Create Rom Call Video AppRTC.csproj", "{23056EF1-F801-4868-B1AA-30B5AE6F3023}"
EndProject
Project("{FAE04EC0-301F-11D3-BF4B-00C04F79EFBC}") = "Chapter06.3", "Chapter06.3\Chapter06.3.csproj", "{4E0E452C-B1EF-42FD-A959-8762A0571CB5}"
EndProject
Global
	GlobalSection(SolutionConfigurationPlatforms) = preSolution
		Debug|Any CPU = Debug|Any CPU
		Release|Any CPU = Release|Any CPU
	EndGlobalSection
	GlobalSection(ProjectConfigurationPlatforms) = postSolution
		{A58947D7-FBE9-4B9F-909D-5D10DF3D291F}.Debug|Any CPU.ActiveCfg = Debug|Any CPU
		{A58947D7-FBE9-4B9F-909D-5D10DF3D291F}.Debug|Any CPU.Build.0 = Debug|Any CPU
		{A58947D7-FBE9-4B9F-909D-5D10DF3D291F}.Release|Any CPU.ActiveCfg = Release|Any CPU
		{A58947D7-FBE9-4B9F-909D-5D10DF3D291F}.Release|Any CPU.Build.0 = Release|Any CPU
		{88DABD2D-F0BF-430A-B8A1-B4118C31BB3D}.Debug|Any CPU.ActiveCfg = Debug|Any CPU
		{88DABD2D-F0BF-430A-B8A1-B4118C31BB3D}.Debug|Any CPU.Build.0 = Debug|Any CPU
		{88DABD2D-F0BF-430A-B8A1-B4118C31BB3D}.Release|Any CPU.ActiveCfg = Release|Any CPU
		{88DABD2D-F0BF-430A-B8A1-B4118C31BB3D}.Release|Any CPU.Build.0 = Release|Any CPU
		{5098135B-FE98-4C05-9380-FBA9EE2A5D69}.Debug|Any CPU.ActiveCfg = Debug|Any CPU
		{5098135B-FE98-4C05-9380-FBA9EE2A5D69}.Debug|Any CPU.Build.0 = Debug|Any CPU
		{5098135B-FE98-4C05-9380-FBA9EE2A5D69}.Release|Any CPU.ActiveCfg = Release|Any CPU
		{5098135B-FE98-4C05-9380-FBA9EE2A5D69}.Release|Any CPU.Build.0 = Release|Any CPU
		{AC2D7F2B-63F7-4640-9D19-690540AD60F2}.Debug|Any CPU.ActiveCfg = Debug|Any CPU
		{AC2D7F2B-63F7-4640-9D19-690540AD60F2}.Debug|Any CPU.Build.0 = Debug|Any CPU
		{AC2D7F2B-63F7-4640-9D19-690540AD60F2}.Release|Any CPU.ActiveCfg = Release|Any CPU
		{AC2D7F2B-63F7-4640-9D19-690540AD60F2}.Release|Any CPU.Build.0 = Release|Any CPU
		{C3527C4C-F87E-4332-818E-7AB412BD32E0}.Debug|Any CPU.ActiveCfg = Debug|Any CPU
		{C3527C4C-F87E-4332-818E-7AB412BD32E0}.Debug|Any CPU.Build.0 = Debug|Any CPU
		{C3527C4C-F87E-4332-818E-7AB412BD32E0}.Release|Any CPU.ActiveCfg = Release|Any CPU
		{C3527C4C-F87E-4332-818E-7AB412BD32E0}.Release|Any CPU.Build.0 = Release|Any CPU
		{337B6A16-BAD1-461E-94FD-BD66A9C9537D}.Debug|Any CPU.ActiveCfg = Debug|Any CPU
		{337B6A16-BAD1-461E-94FD-BD66A9C9537D}.Debug|Any CPU.Build.0 = Debug|Any CPU
		{337B6A16-BAD1-461E-94FD-BD66A9C9537D}.Release|Any CPU.ActiveCfg = Release|Any CPU
		{337B6A16-BAD1-461E-94FD-BD66A9C9537D}.Release|Any CPU.Build.0 = Release|Any CPU
		{D8AF7BBA-3F13-480D-91E3-005C912825DA}.Debug|Any CPU.ActiveCfg = Debug|Any CPU
		{D8AF7BBA-3F13-480D-91E3-005C912825DA}.Debug|Any CPU.Build.0 = Debug|Any CPU
		{D8AF7BBA-3F13-480D-91E3-005C912825DA}.Release|Any CPU.ActiveCfg = Release|Any CPU
		{D8AF7BBA-3F13-480D-91E3-005C912825DA}.Release|Any CPU.Build.0 = Release|Any CPU
		{DEFEDB1A-F87B-4760-B7C6-C467352CD513}.Debug|Any CPU.ActiveCfg = Debug|Any CPU
		{DEFEDB1A-F87B-4760-B7C6-C467352CD513}.Debug|Any CPU.Build.0 = Debug|Any CPU
		{DEFEDB1A-F87B-4760-B7C6-C467352CD513}.Release|Any CPU.ActiveCfg = Release|Any CPU
		{DEFEDB1A-F87B-4760-B7C6-C467352CD513}.Release|Any CPU.Build.0 = Release|Any CPU
		{37576C47-3700-4684-BF3A-97F8E22988C4}.Debug|Any CPU.ActiveCfg = Debug|Any CPU
		{37576C47-3700-4684-BF3A-97F8E22988C4}.Debug|Any CPU.Build.0 = Debug|Any CPU
		{37576C47-3700-4684-BF3A-97F8E22988C4}.Release|Any CPU.ActiveCfg = Release|Any CPU
		{37576C47-3700-4684-BF3A-97F8E22988C4}.Release|Any CPU.Build.0 = Release|Any CPU
		{F2BED2CF-FB4F-4117-B194-C92563B12D3E}.Debug|Any CPU.ActiveCfg = Debug|Any CPU
		{F2BED2CF-FB4F-4117-B194-C92563B12D3E}.Debug|Any CPU.Build.0 = Debug|Any CPU
		{F2BED2CF-FB4F-4117-B194-C92563B12D3E}.Release|Any CPU.ActiveCfg = Release|Any CPU
		{F2BED2CF-FB4F-4117-B194-C92563B12D3E}.Release|Any CPU.Build.0 = Release|Any CPU
		{538D8CE7-3356-435B-BEEC-06BC8345E705}.Debug|Any CPU.ActiveCfg = Debug|Any CPU
		{538D8CE7-3356-435B-BEEC-06BC8345E705}.Debug|Any CPU.Build.0 = Debug|Any CPU
		{538D8CE7-3356-435B-BEEC-06BC8345E705}.Release|Any CPU.ActiveCfg = Release|Any CPU
		{538D8CE7-3356-435B-BEEC-06BC8345E705}.Release|Any CPU.Build.0 = Release|Any CPU
		{23056EF1-F801-4868-B1AA-30B5AE6F3023}.Debug|Any CPU.ActiveCfg = Debug|Any CPU
		{23056EF1-F801-4868-B1AA-30B5AE6F3023}.Debug|Any CPU.Build.0 = Debug|Any CPU
		{23056EF1-F801-4868-B1AA-30B5AE6F3023}.Release|Any CPU.ActiveCfg = Release|Any CPU
		{23056EF1-F801-4868-B1AA-30B5AE6F3023}.Release|Any CPU.Build.0 = Release|Any CPU
		{4E0E452C-B1EF-42FD-A959-8762A0571CB5}.Debug|Any CPU.ActiveCfg = Debug|Any CPU
		{4E0E452C-B1EF-42FD-A959-8762A0571CB5}.Debug|Any CPU.Build.0 = Debug|Any CPU
		{4E0E452C-B1EF-42FD-A959-8762A0571CB5}.Release|Any CPU.ActiveCfg = Release|Any CPU
		{4E0E452C-B1EF-42FD-A959-8762A0571CB5}.Release|Any CPU.Build.0 = Release|Any CPU
	EndGlobalSection
	GlobalSection(SolutionProperties) = preSolution
		HideSolutionNode = FALSE
	EndGlobalSection
EndGlobal
