
Microsoft Visual Studio Solution File, Format Version 12.00
# Visual Studio 2013
VisualStudioVersion = 12.0.21005.1
MinimumVisualStudioVersion = 10.0.40219.1
Project("{FAE04EC0-301F-11D3-BF4B-00C04F79EFBC}") = "Chapter01.1-Begin WebRTC", "Chapter01.1-Begin WebRTC\Chapter01.1-Begin WebRTC.csproj", "{A58947D7-FBE9-4B9F-909D-5D10DF3D291F}"
EndProject
Project("{FAE04EC0-301F-11D3-BF4B-00C04F79EFBC}") = "Chapter02.1-Truyen_Tai_Video_RTCPeerConnection", "Chapter02.1-Truyen_Tai_Video_RTCPeerConnection\Chapter02.1-Truyen_Tai_Video_RTCPeerConnection.csproj", "{88DABD2D-F0BF-430A-B8A1-B4118C31BB3D}"
EndProject
Project("{FAE04EC0-301F-11D3-BF4B-00C04F79EFBC}") = "Chapter03.1-Truyen_Du_Lieu_Bang_RTCDataChannel", "Chapter03.1-Truyen_Du_Lieu_Bang_RTCDataChannel\Chapter03.1-Truyen_Du_Lieu_Bang_RTCDataChannel.csproj", "{5098135B-FE98-4C05-9380-FBA9EE2A5D69}"
EndProject
Project("{FAE04EC0-301F-11D3-BF4B-00C04F79EFBC}") = "Chapter03.2-Gui_File", "Chapter03.2-Gui_File\Chapter03.2-Gui_File.csproj", "{AC2D7F2B-63F7-4640-9D19-690540AD60F2}"
EndProject
Project("{FAE04EC0-301F-11D3-BF4B-00C04F79EFBC}") = "Chapter03.3-Gui_Anh", "Chapter03.3-Gui_Anh\Chapter03.3-Gui_Anh.csproj", "{C3527C4C-F87E-4332-818E-7AB412BD32E0}"
EndProject
Project("{FAE04EC0-301F-11D3-BF4B-00C04F79EFBC}") = "Chapter03.4-Lam lai truyen du lieu", "Chapter03.4-Lam lai truyen du lieu\Chapter03.4-Lam lai truyen du lieu.csproj", "{E2692FE4-C0E0-46A8-B374-913C4893A4D0}"
EndProject
Global
	GlobalSection(SolutionConfigurationPlatforms) = preSolution
		Debug|Any CPU = Debug|Any CPU
		Release|Any CPU = Release|Any CPU
	EndGlobalSection
	GlobalSection(ProjectConfigurationPlatforms) = postSolution
		{A58947D7-FBE9-4B9F-909D-5D10DF3D291F}.Debug|Any CPU.ActiveCfg = Debug|Any CPU
		{A58947D7-FBE9-4B9F-909D-5D10DF3D291F}.Debug|Any CPU.Build.0 = Debug|Any CPU
		{A58947D7-FBE9-4B9F-909D-5D10DF3D291F}.Release|Any CPU.ActiveCfg = Release|Any CPU
		{A58947D7-FBE9-4B9F-909D-5D10DF3D291F}.Release|Any CPU.Build.0 = Release|Any CPU
		{88DABD2D-F0BF-430A-B8A1-B4118C31BB3D}.Debug|Any CPU.ActiveCfg = Debug|Any CPU
		{88DABD2D-F0BF-430A-B8A1-B4118C31BB3D}.Debug|Any CPU.Build.0 = Debug|Any CPU
		{88DABD2D-F0BF-430A-B8A1-B4118C31BB3D}.Release|Any CPU.ActiveCfg = Release|Any CPU
		{88DABD2D-F0BF-430A-B8A1-B4118C31BB3D}.Release|Any CPU.Build.0 = Release|Any CPU
		{5098135B-FE98-4C05-9380-FBA9EE2A5D69}.Debug|Any CPU.ActiveCfg = Debug|Any CPU
		{5098135B-FE98-4C05-9380-FBA9EE2A5D69}.Debug|Any CPU.Build.0 = Debug|Any CPU
		{5098135B-FE98-4C05-9380-FBA9EE2A5D69}.Release|Any CPU.ActiveCfg = Release|Any CPU
		{5098135B-FE98-4C05-9380-FBA9EE2A5D69}.Release|Any CPU.Build.0 = Release|Any CPU
		{AC2D7F2B-63F7-4640-9D19-690540AD60F2}.Debug|Any CPU.ActiveCfg = Debug|Any CPU
		{AC2D7F2B-63F7-4640-9D19-690540AD60F2}.Debug|Any CPU.Build.0 = Debug|Any CPU
		{AC2D7F2B-63F7-4640-9D19-690540AD60F2}.Release|Any CPU.ActiveCfg = Release|Any CPU
		{AC2D7F2B-63F7-4640-9D19-690540AD60F2}.Release|Any CPU.Build.0 = Release|Any CPU
		{C3527C4C-F87E-4332-818E-7AB412BD32E0}.Debug|Any CPU.ActiveCfg = Debug|Any CPU
		{C3527C4C-F87E-4332-818E-7AB412BD32E0}.Debug|Any CPU.Build.0 = Debug|Any CPU
		{C3527C4C-F87E-4332-818E-7AB412BD32E0}.Release|Any CPU.ActiveCfg = Release|Any CPU
		{C3527C4C-F87E-4332-818E-7AB412BD32E0}.Release|Any CPU.Build.0 = Release|Any CPU
		{E2692FE4-C0E0-46A8-B374-913C4893A4D0}.Debug|Any CPU.ActiveCfg = Debug|Any CPU
		{E2692FE4-C0E0-46A8-B374-913C4893A4D0}.Debug|Any CPU.Build.0 = Debug|Any CPU
		{E2692FE4-C0E0-46A8-B374-913C4893A4D0}.Release|Any CPU.ActiveCfg = Release|Any CPU
		{E2692FE4-C0E0-46A8-B374-913C4893A4D0}.Release|Any CPU.Build.0 = Release|Any CPU
	EndGlobalSection
	GlobalSection(SolutionProperties) = preSolution
		HideSolutionNode = FALSE
	EndGlobalSection
EndGlobal
